
Microsoft Visual Studio Solution File, Format Version 12.00
# Visual Studio Version 16
VisualStudioVersion = 16.0.29709.97
MinimumVisualStudioVersion = 10.0.40219.1
Project("{9A19103F-16F7-4668-BE54-9A1E7A4F7556}") = "EjemploPruebasUnitarias", "EjemploPruebasUnitarias\EjemploPruebasUnitarias.csproj", "{F3BB641D-716E-481C-A579-2371A4A9B634}"
EndProject
Project("{9A19103F-16F7-4668-BE54-9A1E7A4F7556}") = "EjemploPruebasUnitariasXUnit", "EjemploPruebasUnitariasXUnit\EjemploPruebasUnitariasXUnit.csproj", "{1C42DAED-69EE-4E4E-8AC5-1915AEA205B4}"
EndProject
Global
	GlobalSection(SolutionConfigurationPlatforms) = preSolution
		Debug|Any CPU = Debug|Any CPU
		Release|Any CPU = Release|Any CPU
	EndGlobalSection
	GlobalSection(ProjectConfigurationPlatforms) = postSolution
		{F3BB641D-716E-481C-A579-2371A4A9B634}.Debug|Any CPU.ActiveCfg = Debug|Any CPU
		{F3BB641D-716E-481C-A579-2371A4A9B634}.Debug|Any CPU.Build.0 = Debug|Any CPU
		{F3BB641D-716E-481C-A579-2371A4A9B634}.Release|Any CPU.ActiveCfg = Release|Any CPU
		{F3BB641D-716E-481C-A579-2371A4A9B634}.Release|Any CPU.Build.0 = Release|Any CPU
		{1C42DAED-69EE-4E4E-8AC5-1915AEA205B4}.Debug|Any CPU.ActiveCfg = Debug|Any CPU
		{1C42DAED-69EE-4E4E-8AC5-1915AEA205B4}.Debug|Any CPU.Build.0 = Debug|Any CPU
		{1C42DAED-69EE-4E4E-8AC5-1915AEA205B4}.Release|Any CPU.ActiveCfg = Release|Any CPU
		{1C42DAED-69EE-4E4E-8AC5-1915AEA205B4}.Release|Any CPU.Build.0 = Release|Any CPU
	EndGlobalSection
	GlobalSection(SolutionProperties) = preSolution
		HideSolutionNode = FALSE
	EndGlobalSection
	GlobalSection(ExtensibilityGlobals) = postSolution
		SolutionGuid = {833DC897-8B93-46E9-B134-9800850D2AD9}
	EndGlobalSection
EndGlobal
